
Microsoft Visual Studio Solution File, Format Version 12.00
# Visual Studio Version 16
VisualStudioVersion = 16.0.30413.136
MinimumVisualStudioVersion = 10.0.40219.1
Project("{FAE04EC0-301F-11D3-BF4B-00C04F79EFBC}") = "App_Prueba.Android", "App_Prueba\App_Prueba.Android\App_Prueba.Android.csproj", "{B2D0C6E7-0D6A-440B-9C72-B4E8EE3A12AA}"
EndProject
Project("{FAE04EC0-301F-11D3-BF4B-00C04F79EFBC}") = "App_Prueba.iOS", "App_Prueba\App_Prueba.iOS\App_Prueba.iOS.csproj", "{BE57D777-07B1-48D9-AEBB-D2308A7A5784}"
EndProject
Project("{FAE04EC0-301F-11D3-BF4B-00C04F79EFBC}") = "App_Prueba", "App_Prueba\App_Prueba\App_Prueba.csproj", "{E4D318FE-92F8-4F79-83D4-B4A26D83E89A}"
EndProject
Global
	GlobalSection(SolutionConfigurationPlatforms) = preSolution
		Debug|Any CPU = Debug|Any CPU
		Debug|iPhone = Debug|iPhone
		Debug|iPhoneSimulator = Debug|iPhoneSimulator
		Release|Any CPU = Release|Any CPU
		Release|iPhone = Release|iPhone
		Release|iPhoneSimulator = Release|iPhoneSimulator
	EndGlobalSection
	GlobalSection(ProjectConfigurationPlatforms) = postSolution
		{B2D0C6E7-0D6A-440B-9C72-B4E8EE3A12AA}.Debug|Any CPU.ActiveCfg = Debug|Any CPU
		{B2D0C6E7-0D6A-440B-9C72-B4E8EE3A12AA}.Debug|Any CPU.Build.0 = Debug|Any CPU
		{B2D0C6E7-0D6A-440B-9C72-B4E8EE3A12AA}.Debug|Any CPU.Deploy.0 = Debug|Any CPU
		{B2D0C6E7-0D6A-440B-9C72-B4E8EE3A12AA}.Debug|iPhone.ActiveCfg = Debug|Any CPU
		{B2D0C6E7-0D6A-440B-9C72-B4E8EE3A12AA}.Debug|iPhone.Build.0 = Debug|Any CPU
		{B2D0C6E7-0D6A-440B-9C72-B4E8EE3A12AA}.Debug|iPhone.Deploy.0 = Debug|Any CPU
		{B2D0C6E7-0D6A-440B-9C72-B4E8EE3A12AA}.Debug|iPhoneSimulator.ActiveCfg = Debug|Any CPU
		{B2D0C6E7-0D6A-440B-9C72-B4E8EE3A12AA}.Debug|iPhoneSimulator.Build.0 = Debug|Any CPU
		{B2D0C6E7-0D6A-440B-9C72-B4E8EE3A12AA}.Debug|iPhoneSimulator.Deploy.0 = Debug|Any CPU
		{B2D0C6E7-0D6A-440B-9C72-B4E8EE3A12AA}.Release|Any CPU.ActiveCfg = Release|Any CPU
		{B2D0C6E7-0D6A-440B-9C72-B4E8EE3A12AA}.Release|Any CPU.Build.0 = Release|Any CPU
		{B2D0C6E7-0D6A-440B-9C72-B4E8EE3A12AA}.Release|Any CPU.Deploy.0 = Release|Any CPU
		{B2D0C6E7-0D6A-440B-9C72-B4E8EE3A12AA}.Release|iPhone.ActiveCfg = Release|Any CPU
		{B2D0C6E7-0D6A-440B-9C72-B4E8EE3A12AA}.Release|iPhone.Build.0 = Release|Any CPU
		{B2D0C6E7-0D6A-440B-9C72-B4E8EE3A12AA}.Release|iPhone.Deploy.0 = Release|Any CPU
		{B2D0C6E7-0D6A-440B-9C72-B4E8EE3A12AA}.Release|iPhoneSimulator.ActiveCfg = Release|Any CPU
		{B2D0C6E7-0D6A-440B-9C72-B4E8EE3A12AA}.Release|iPhoneSimulator.Build.0 = Release|Any CPU
		{B2D0C6E7-0D6A-440B-9C72-B4E8EE3A12AA}.Release|iPhoneSimulator.Deploy.0 = Release|Any CPU
		{BE57D777-07B1-48D9-AEBB-D2308A7A5784}.Debug|Any CPU.ActiveCfg = Debug|iPhone
		{BE57D777-07B1-48D9-AEBB-D2308A7A5784}.Debug|Any CPU.Build.0 = Debug|iPhone
		{BE57D777-07B1-48D9-AEBB-D2308A7A5784}.Debug|Any CPU.Deploy.0 = Debug|iPhone
		{BE57D777-07B1-48D9-AEBB-D2308A7A5784}.Debug|iPhone.ActiveCfg = Debug|iPhone
		{BE57D777-07B1-48D9-AEBB-D2308A7A5784}.Debug|iPhone.Build.0 = Debug|iPhone
		{BE57D777-07B1-48D9-AEBB-D2308A7A5784}.Debug|iPhone.Deploy.0 = Debug|iPhone
		{BE57D777-07B1-48D9-AEBB-D2308A7A5784}.Debug|iPhoneSimulator.ActiveCfg = Debug|iPhoneSimulator
		{BE57D777-07B1-48D9-AEBB-D2308A7A5784}.Debug|iPhoneSimulator.Build.0 = Debug|iPhoneSimulator
		{BE57D777-07B1-48D9-AEBB-D2308A7A5784}.Debug|iPhoneSimulator.Deploy.0 = Debug|iPhoneSimulator
		{BE57D777-07B1-48D9-AEBB-D2308A7A5784}.Release|Any CPU.ActiveCfg = Release|iPhone
		{BE57D777-07B1-48D9-AEBB-D2308A7A5784}.Release|Any CPU.Build.0 = Release|iPhone
		{BE57D777-07B1-48D9-AEBB-D2308A7A5784}.Release|Any CPU.Deploy.0 = Release|iPhone
		{BE57D777-07B1-48D9-AEBB-D2308A7A5784}.Release|iPhone.ActiveCfg = Release|iPhone
		{BE57D777-07B1-48D9-AEBB-D2308A7A5784}.Release|iPhone.Build.0 = Release|iPhone
		{BE57D777-07B1-48D9-AEBB-D2308A7A5784}.Release|iPhone.Deploy.0 = Release|iPhone
		{BE57D777-07B1-48D9-AEBB-D2308A7A5784}.Release|iPhoneSimulator.ActiveCfg = Release|iPhoneSimulator
		{BE57D777-07B1-48D9-AEBB-D2308A7A5784}.Release|iPhoneSimulator.Build.0 = Release|iPhoneSimulator
		{BE57D777-07B1-48D9-AEBB-D2308A7A5784}.Release|iPhoneSimulator.Deploy.0 = Release|iPhoneSimulator
		{E4D318FE-92F8-4F79-83D4-B4A26D83E89A}.Debug|Any CPU.ActiveCfg = Debug|Any CPU
		{E4D318FE-92F8-4F79-83D4-B4A26D83E89A}.Debug|Any CPU.Build.0 = Debug|Any CPU
		{E4D318FE-92F8-4F79-83D4-B4A26D83E89A}.Debug|Any CPU.Deploy.0 = Debug|Any CPU
		{E4D318FE-92F8-4F79-83D4-B4A26D83E89A}.Debug|iPhone.ActiveCfg = Debug|Any CPU
		{E4D318FE-92F8-4F79-83D4-B4A26D83E89A}.Debug|iPhone.Build.0 = Debug|Any CPU
		{E4D318FE-92F8-4F79-83D4-B4A26D83E89A}.Debug|iPhone.Deploy.0 = Debug|Any CPU
		{E4D318FE-92F8-4F79-83D4-B4A26D83E89A}.Debug|iPhoneSimulator.ActiveCfg = Debug|Any CPU
		{E4D318FE-92F8-4F79-83D4-B4A26D83E89A}.Debug|iPhoneSimulator.Build.0 = Debug|Any CPU
		{E4D318FE-92F8-4F79-83D4-B4A26D83E89A}.Debug|iPhoneSimulator.Deploy.0 = Debug|Any CPU
		{E4D318FE-92F8-4F79-83D4-B4A26D83E89A}.Release|Any CPU.ActiveCfg = Release|Any CPU
		{E4D318FE-92F8-4F79-83D4-B4A26D83E89A}.Release|Any CPU.Build.0 = Release|Any CPU
		{E4D318FE-92F8-4F79-83D4-B4A26D83E89A}.Release|Any CPU.Deploy.0 = Release|Any CPU
		{E4D318FE-92F8-4F79-83D4-B4A26D83E89A}.Release|iPhone.ActiveCfg = Release|Any CPU
		{E4D318FE-92F8-4F79-83D4-B4A26D83E89A}.Release|iPhone.Build.0 = Release|Any CPU
		{E4D318FE-92F8-4F79-83D4-B4A26D83E89A}.Release|iPhone.Deploy.0 = Release|Any CPU
		{E4D318FE-92F8-4F79-83D4-B4A26D83E89A}.Release|iPhoneSimulator.ActiveCfg = Release|Any CPU
		{E4D318FE-92F8-4F79-83D4-B4A26D83E89A}.Release|iPhoneSimulator.Build.0 = Release|Any CPU
		{E4D318FE-92F8-4F79-83D4-B4A26D83E89A}.Release|iPhoneSimulator.Deploy.0 = Release|Any CPU
	EndGlobalSection
	GlobalSection(SolutionProperties) = preSolution
		HideSolutionNode = FALSE
	EndGlobalSection
	GlobalSection(ExtensibilityGlobals) = postSolution
		SolutionGuid = {7AA0D034-16AE-4DD9-ACD2-CA05B7735EA5}
	EndGlobalSection
EndGlobal
